
Microsoft Visual Studio Solution File, Format Version 12.00
# Visual Studio 15
VisualStudioVersion = 15.0.28010.2026
MinimumVisualStudioVersion = 10.0.40219.1
Project("{FAE04EC0-301F-11D3-BF4B-00C04F79EFBC}") = "TwentyOne", "TwentyOne\TwentyOne.csproj", "{C5FFEE94-2391-4689-A2F8-1785BD6AB9B1}"
EndProject
Project("{FAE04EC0-301F-11D3-BF4B-00C04F79EFBC}") = "Casino", "Casino\Casino.csproj", "{2C2F12E6-1C25-4BA7-A741-B25DD20F7C14}"
EndProject
Global
	GlobalSection(SolutionConfigurationPlatforms) = preSolution
		Debug|Any CPU = Debug|Any CPU
		Release|Any CPU = Release|Any CPU
	EndGlobalSection
	GlobalSection(ProjectConfigurationPlatforms) = postSolution
		{C5FFEE94-2391-4689-A2F8-1785BD6AB9B1}.Debug|Any CPU.ActiveCfg = Debug|Any CPU
		{C5FFEE94-2391-4689-A2F8-1785BD6AB9B1}.Debug|Any CPU.Build.0 = Debug|Any CPU
		{C5FFEE94-2391-4689-A2F8-1785BD6AB9B1}.Release|Any CPU.ActiveCfg = Release|Any CPU
		{C5FFEE94-2391-4689-A2F8-1785BD6AB9B1}.Release|Any CPU.Build.0 = Release|Any CPU
		{2C2F12E6-1C25-4BA7-A741-B25DD20F7C14}.Debug|Any CPU.ActiveCfg = Debug|Any CPU
		{2C2F12E6-1C25-4BA7-A741-B25DD20F7C14}.Debug|Any CPU.Build.0 = Debug|Any CPU
		{2C2F12E6-1C25-4BA7-A741-B25DD20F7C14}.Release|Any CPU.ActiveCfg = Release|Any CPU
		{2C2F12E6-1C25-4BA7-A741-B25DD20F7C14}.Release|Any CPU.Build.0 = Release|Any CPU
	EndGlobalSection
	GlobalSection(SolutionProperties) = preSolution
		HideSolutionNode = FALSE
	EndGlobalSection
	GlobalSection(ExtensibilityGlobals) = postSolution
		SolutionGuid = {4EA6A90E-F467-4197-891B-BDBC6147B30D}
	EndGlobalSection
EndGlobal
